
Microsoft Visual Studio Solution File, Format Version 12.00
# Visual Studio Version 17
VisualStudioVersion = 17.14.37301.10 d17.14
MinimumVisualStudioVersion = 10.0.40219.1
Project("{FAE04EC0-301F-11D3-BF4B-00C04F79EFBC}") = "Examify.API", "Examify.API\Examify.API.csproj", "{4DDB1617-2EC4-49E0-B72B-4CB6843CB3C9}"
EndProject
Project("{FAE04EC0-301F-11D3-BF4B-00C04F79EFBC}") = "Examify.Core", "Examify.Core\Examify.Core.csproj", "{579ACA3E-308F-4590-8224-2EEA281FF851}"
EndProject
Project("{FAE04EC0-301F-11D3-BF4B-00C04F79EFBC}") = "Examify.Infrastructure", "Examify.Infrastructure\Examify.Infrastructure.csproj", "{F66423EE-2A89-4109-AACC-095B224A289D}"
EndProject
Global
	GlobalSection(SolutionConfigurationPlatforms) = preSolution
		Debug|Any CPU = Debug|Any CPU
		Release|Any CPU = Release|Any CPU
	EndGlobalSection
	GlobalSection(ProjectConfigurationPlatforms) = postSolution
		{4DDB1617-2EC4-49E0-B72B-4CB6843CB3C9}.Debug|Any CPU.ActiveCfg = Debug|Any CPU
		{4DDB1617-2EC4-49E0-B72B-4CB6843CB3C9}.Debug|Any CPU.Build.0 = Debug|Any CPU
		{4DDB1617-2EC4-49E0-B72B-4CB6843CB3C9}.Release|Any CPU.ActiveCfg = Release|Any CPU
		{4DDB1617-2EC4-49E0-B72B-4CB6843CB3C9}.Release|Any CPU.Build.0 = Release|Any CPU
		{579ACA3E-308F-4590-8224-2EEA281FF851}.Debug|Any CPU.ActiveCfg = Debug|Any CPU
		{579ACA3E-308F-4590-8224-2EEA281FF851}.Debug|Any CPU.Build.0 = Debug|Any CPU
		{579ACA3E-308F-4590-8224-2EEA281FF851}.Release|Any CPU.ActiveCfg = Release|Any CPU
		{579ACA3E-308F-4590-8224-2EEA281FF851}.Release|Any CPU.Build.0 = Release|Any CPU
		{F66423EE-2A89-4109-AACC-095B224A289D}.Debug|Any CPU.ActiveCfg = Debug|Any CPU
		{F66423EE-2A89-4109-AACC-095B224A289D}.Debug|Any CPU.Build.0 = Debug|Any CPU
		{F66423EE-2A89-4109-AACC-095B224A289D}.Release|Any CPU.ActiveCfg = Release|Any CPU
		{F66423EE-2A89-4109-AACC-095B224A289D}.Release|Any CPU.Build.0 = Release|Any CPU
	EndGlobalSection
	GlobalSection(SolutionProperties) = preSolution
		HideSolutionNode = FALSE
	EndGlobalSection
	GlobalSection(ExtensibilityGlobals) = postSolution
		SolutionGuid = {F9B9C16A-61A8-43EE-8F02-9DBE4A35BA81}
	EndGlobalSection
EndGlobal
